// !$*UTF8*$!
{
	archiveVersion = 1;
	classes = {
	};
	objectVersion = 56;
	objects = {

/* Begin PBXBuildFile section */
		5AEF00042CBE397B0085ABD3 /* WorkaApp.swift in Sources */ = {isa = PBXBuildFile; fileRef = 5AEF00032CBE397B0085ABD3 /* WorkaApp.swift */; };
		5AEF00062CBE397B0085ABD3 /* ContentView.swift in Sources */ = {isa = PBXBuildFile; fileRef = 5AEF00052CBE397B0085ABD3 /* ContentView.swift */; };
		5AEF00082CBE397D0085ABD3 /* Assets.xcassets in Resources */ = {isa = PBXBuildFile; fileRef = 5AEF00072CBE397D0085ABD3 /* Assets.xcassets */; };
		5AEF000B2CBE397D0085ABD3 /* Preview Assets.xcassets in Resources */ = {isa = PBXBuildFile; fileRef = 5AEF000A2CBE397D0085ABD3 /* Preview Assets.xcassets */; };
		5AEF00152CBE397D0085ABD3 /* WorkaTests.swift in Sources */ = {isa = PBXBuildFile; fileRef = 5AEF00142CBE397D0085ABD3 /* WorkaTests.swift */; };
		5AEF001F2CBE397D0085ABD3 /* WorkaUITests.swift in Sources */ = {isa = PBXBuildFile; fileRef = 5AEF001E2CBE397D0085ABD3 /* WorkaUITests.swift */; };
		5AEF00212CBE397D0085ABD3 /* WorkaUITestsLaunchTests.swift in Sources */ = {isa = PBXBuildFile; fileRef = 5AEF00202CBE397D0085ABD3 /* WorkaUITestsLaunchTests.swift */; };
/* End PBXBuildFile section */

/* Begin PBXContainerItemProxy section */
		5AEF00112CBE397D0085ABD3 /* PBXContainerItemProxy */ = {
			isa = PBXContainerItemProxy;
			containerPortal = 5AEFFFF82CBE397B0085ABD3 /* Project object */;
			proxyType = 1;
			remoteGlobalIDString = 5AEFFFFF2CBE397B0085ABD3;
			remoteInfo = Worka;
		};
		5AEF001B2CBE397D0085ABD3 /* PBXContainerItemProxy */ = {
			isa = PBXContainerItemProxy;
			containerPortal = 5AEFFFF82CBE397B0085ABD3 /* Project object */;
			proxyType = 1;
			remoteGlobalIDString = 5AEFFFFF2CBE397B0085ABD3;
			remoteInfo = Worka;
		};
/* End PBXContainerItemProxy section */

/* Begin PBXFileReference section */
		5AEF00002CBE397B0085ABD3 /* Worka.app */ = {isa = PBXFileReference; explicitFileType = wrapper.application; includeInIndex = 0; path = Worka.app; sourceTree = BUILT_PRODUCTS_DIR; };
		5AEF00032CBE397B0085ABD3 /* WorkaApp.swift */ = {isa = PBXFileReference; lastKnownFileType = sourcecode.swift; path = WorkaApp.swift; sourceTree = "<group>"; };
		5AEF00052CBE397B0085ABD3 /* ContentView.swift */ = {isa = PBXFileReference; lastKnownFileType = sourcecode.swift; path = ContentView.swift; sourceTree = "<group>"; };
		5AEF00072CBE397D0085ABD3 /* Assets.xcassets */ = {isa = PBXFileReference; lastKnownFileType = folder.assetcatalog; path = Assets.xcassets; sourceTree = "<group>"; };
		5AEF000A2CBE397D0085ABD3 /* Preview Assets.xcassets */ = {isa = PBXFileReference; lastKnownFileType = folder.assetcatalog; path = "Preview Assets.xcassets"; sourceTree = "<group>"; };
		5AEF00102CBE397D0085ABD3 /* WorkaTests.xctest */ = {isa = PBXFileReference; explicitFileType = wrapper.cfbundle; includeInIndex = 0; path = WorkaTests.xctest; sourceTree = BUILT_PRODUCTS_DIR; };
		5AEF00142CBE397D0085ABD3 /* WorkaTests.swift */ = {isa = PBXFileReference; lastKnownFileType = sourcecode.swift; path = WorkaTests.swift; sourceTree = "<group>"; };
		5AEF001A2CBE397D0085ABD3 /* WorkaUITests.xctest */ = {isa = PBXFileReference; explicitFileType = wrapper.cfbundle; includeInIndex = 0; path = WorkaUITests.xctest; sourceTree = BUILT_PRODUCTS_DIR; };
		5AEF001E2CBE397D0085ABD3 /* WorkaUITests.swift */ = {isa = PBXFileReference; lastKnownFileType = sourcecode.swift; path = WorkaUITests.swift; sourceTree = "<group>"; };
		5AEF00202CBE397D0085ABD3 /* WorkaUITestsLaunchTests.swift */ = {isa = PBXFileReference; lastKnownFileType = sourcecode.swift; path = WorkaUITestsLaunchTests.swift; sourceTree = "<group>"; };
/* End PBXFileReference section */

/* Begin PBXFrameworksBuildPhase section */
		5AEF000D2CBE397D0085ABD3 /* Frameworks */ = {
			isa = PBXFrameworksBuildPhase;
			buildActionMask = 2147483647;
			files = (
			);
			runOnlyForDeploymentPostprocessing = 0;
		};
		5AEF00172CBE397D0085ABD3 /* Frameworks */ = {
			isa = PBXFrameworksBuildPhase;
			buildActionMask = 2147483647;
			files = (
			);
			runOnlyForDeploymentPostprocessing = 0;
		};
		5AEFFFFD2CBE397B0085ABD3 /* Frameworks */ = {
			isa = PBXFrameworksBuildPhase;
			buildActionMask = 2147483647;
			files = (
			);
			runOnlyForDeploymentPostprocessing = 0;
		};
/* End PBXFrameworksBuildPhase section */

/* Begin PBXGroup section */
		5AEF00012CBE397B0085ABD3 /* Products */ = {
			isa = PBXGroup;
			children = (
				5AEF00002CBE397B0085ABD3 /* Worka.app */,
				5AEF00102CBE397D0085ABD3 /* WorkaTests.xctest */,
				5AEF001A2CBE397D0085ABD3 /* WorkaUITests.xctest */,
			);
			name = Products;
			sourceTree = "<group>";
		};
		5AEF00022CBE397B0085ABD3 /* Worka */ = {
			isa = PBXGroup;
			children = (
				5AEF00032CBE397B0085ABD3 /* WorkaApp.swift */,
				5AEF00052CBE397B0085ABD3 /* ContentView.swift */,
				5AEF00072CBE397D0085ABD3 /* Assets.xcassets */,
				5AEF00092CBE397D0085ABD3 /* Preview Content */,
			);
			path = Worka;
			sourceTree = "<group>";
		};
		5AEF00092CBE397D0085ABD3 /* Preview Content */ = {
			isa = PBXGroup;
			children = (
				5AEF000A2CBE397D0085ABD3 /* Preview Assets.xcassets */,
			);
			path = "Preview Content";
			sourceTree = "<group>";
		};
		5AEF00132CBE397D0085ABD3 /* WorkaTests */ = {
			isa = PBXGroup;
			children = (
				5AEF00142CBE397D0085ABD3 /* WorkaTests.swift */,
			);
			path = WorkaTests;
			sourceTree = "<group>";
		};
		5AEF001D2CBE397D0085ABD3 /* WorkaUITests */ = {
			isa = PBXGroup;
			children = (
				5AEF001E2CBE397D0085ABD3 /* WorkaUITests.swift */,
				5AEF00202CBE397D0085ABD3 /* WorkaUITestsLaunchTests.swift */,
			);
			path = WorkaUITests;
			sourceTree = "<group>";
		};
		5AEFFFF72CBE397B0085ABD3 = {
			isa = PBXGroup;
			children = (
				5AEF00022CBE397B0085ABD3 /* Worka */,
				5AEF00132CBE397D0085ABD3 /* WorkaTests */,
				5AEF001D2CBE397D0085ABD3 /* WorkaUITests */,
				5AEF00012CBE397B0085ABD3 /* Products */,
			);
			sourceTree = "<group>";
		};
/* End PBXGroup section */

/* Begin PBXNativeTarget section */
		5AEF000F2CBE397D0085ABD3 /* WorkaTests */ = {
			isa = PBXNativeTarget;
			buildConfigurationList = 5AEF00272CBE397D0085ABD3 /* Build configuration list for PBXNativeTarget "WorkaTests" */;
			buildPhases = (
				5AEF000C2CBE397D0085ABD3 /* Sources */,
				5AEF000D2CBE397D0085ABD3 /* Frameworks */,
				5AEF000E2CBE397D0085ABD3 /* Resources */,
			);
			buildRules = (
			);
			dependencies = (
				5AEF00122CBE397D0085ABD3 /* PBXTargetDependency */,
			);
			name = WorkaTests;
			productName = WorkaTests;
			productReference = 5AEF00102CBE397D0085ABD3 /* WorkaTests.xctest */;
			productType = "com.apple.product-type.bundle.unit-test";
		};
		5AEF00192CBE397D0085ABD3 /* WorkaUITests */ = {
			isa = PBXNativeTarget;
			buildConfigurationList = 5AEF002A2CBE397D0085ABD3 /* Build configuration list for PBXNativeTarget "WorkaUITests" */;
			buildPhases = (
				5AEF00162CBE397D0085ABD3 /* Sources */,
				5AEF00172CBE397D0085ABD3 /* Frameworks */,
				5AEF00182CBE397D0085ABD3 /* Resources */,
			);
			buildRules = (
			);
			dependencies = (
				5AEF001C2CBE397D0085ABD3 /* PBXTargetDependency */,
			);
			name = WorkaUITests;
			productName = WorkaUITests;
			productReference = 5AEF001A2CBE397D0085ABD3 /* WorkaUITests.xctest */;
			productType = "com.apple.product-type.bundle.ui-testing";
		};
		5AEFFFFF2CBE397B0085ABD3 /* Worka */ = {
			isa = PBXNativeTarget;
			buildConfigurationList = 5AEF00242CBE397D0085ABD3 /* Build configuration list for PBXNativeTarget "Worka" */;
			buildPhases = (
				5AEFFFFC2CBE397B0085ABD3 /* Sources */,
				5AEFFFFD2CBE397B0085ABD3 /* Frameworks */,
				5AEFFFFE2CBE397B0085ABD3 /* Resources */,
			);
			buildRules = (
			);
			dependencies = (
			);
			name = Worka;
			productName = Worka;
			productReference = 5AEF00002CBE397B0085ABD3 /* Worka.app */;
			productType = "com.apple.product-type.application";
		};
/* End PBXNativeTarget section */

/* Begin PBXProject section */
		5AEFFFF82CBE397B0085ABD3 /* Project object */ = {
			isa = PBXProject;
			attributes = {
				BuildIndependentTargetsInParallel = 1;
				LastSwiftUpdateCheck = 1530;
				LastUpgradeCheck = 1530;
				TargetAttributes = {
					5AEF000F2CBE397D0085ABD3 = {
						CreatedOnToolsVersion = 15.3;
						TestTargetID = 5AEFFFFF2CBE397B0085ABD3;
					};
					5AEF00192CBE397D0085ABD3 = {
						CreatedOnToolsVersion = 15.3;
						TestTargetID = 5AEFFFFF2CBE397B0085ABD3;
					};
					5AEFFFFF2CBE397B0085ABD3 = {
						CreatedOnToolsVersion = 15.3;
					};
				};
			};
			buildConfigurationList = 5AEFFFFB2CBE397B0085ABD3 /* Build configuration list for PBXProject "Worka" */;
			compatibilityVersion = "Xcode 14.0";
			developmentRegion = en;
			hasScannedForEncodings = 0;
			knownRegions = (
				en,
				Base,
			);
			mainGroup = 5AEFFFF72CBE397B0085ABD3;
			productRefGroup = 5AEF00012CBE397B0085ABD3 /* Products */;
			projectDirPath = "";
			projectRoot = "";
			targets = (
				5AEFFFFF2CBE397B0085ABD3 /* Worka */,
				5AEF000F2CBE397D0085ABD3 /* WorkaTests */,
				5AEF00192CBE397D0085ABD3 /* WorkaUITests */,
			);
		};
/* End PBXProject section */

/* Begin PBXResourcesBuildPhase section */
		5AEF000E2CBE397D0085ABD3 /* Resources */ = {
			isa = PBXResourcesBuildPhase;
			buildActionMask = 2147483647;
			files = (
			);
			runOnlyForDeploymentPostprocessing = 0;
		};
		5AEF00182CBE397D0085ABD3 /* Resources */ = {
			isa = PBXResourcesBuildPhase;
			buildActionMask = 2147483647;
			files = (
			);
			runOnlyForDeploymentPostprocessing = 0;
		};
		5AEFFFFE2CBE397B0085ABD3 /* Resources */ = {
			isa = PBXResourcesBuildPhase;
			buildActionMask = 2147483647;
			files = (
				5AEF000B2CBE397D0085ABD3 /* Preview Assets.xcassets in Resources */,
				5AEF00082CBE397D0085ABD3 /* Assets.xcassets in Resources */,
			);
			runOnlyForDeploymentPostprocessing = 0;
		};
/* End PBXResourcesBuildPhase section */

/* Begin PBXSourcesBuildPhase section */
		5AEF000C2CBE397D0085ABD3 /* Sources */ = {
			isa = PBXSourcesBuildPhase;
			buildActionMask = 2147483647;
			files = (
				5AEF00152CBE397D0085ABD3 /* WorkaTests.swift in Sources */,
			);
			runOnlyForDeploymentPostprocessing = 0;
		};
		5AEF00162CBE397D0085ABD3 /* Sources */ = {
			isa = PBXSourcesBuildPhase;
			buildActionMask = 2147483647;
			files = (
				5AEF001F2CBE397D0085ABD3 /* WorkaUITests.swift in Sources */,
				5AEF00212CBE397D0085ABD3 /* WorkaUITestsLaunchTests.swift in Sources */,
			);
			runOnlyForDeploymentPostprocessing = 0;
		};
		5AEFFFFC2CBE397B0085ABD3 /* Sources */ = {
			isa = PBXSourcesBuildPhase;
			buildActionMask = 2147483647;
			files = (
				5AEF00062CBE397B0085ABD3 /* ContentView.swift in Sources */,
				5AEF00042CBE397B0085ABD3 /* WorkaApp.swift in Sources */,
			);
			runOnlyForDeploymentPostprocessing = 0;
		};
/* End PBXSourcesBuildPhase section */

/* Begin PBXTargetDependency section */
		5AEF00122CBE397D0085ABD3 /* PBXTargetDependency */ = {
			isa = PBXTargetDependency;
			target = 5AEFFFFF2CBE397B0085ABD3 /* Worka */;
			targetProxy = 5AEF00112CBE397D0085ABD3 /* PBXContainerItemProxy */;
		};
		5AEF001C2CBE397D0085ABD3 /* PBXTargetDependency */ = {
			isa = PBXTargetDependency;
			target = 5AEFFFFF2CBE397B0085ABD3 /* Worka */;
			targetProxy = 5AEF001B2CBE397D0085ABD3 /* PBXContainerItemProxy */;
		};
/* End PBXTargetDependency section */

/* Begin XCBuildConfiguration section */
		5AEF00222CBE397D0085ABD3 /* Debug */ = {
			isa = XCBuildConfiguration;
			buildSettings = {
				ALWAYS_SEARCH_USER_PATHS = NO;
				ASSETCATALOG_COMPILER_GENERATE_SWIFT_ASSET_SYMBOL_EXTENSIONS = YES;
				CLANG_ANALYZER_NONNULL = YES;
				CLANG_ANALYZER_NUMBER_OBJECT_CONVERSION = YES_AGGRESSIVE;
				CLANG_CXX_LANGUAGE_STANDARD = "gnu++20";
				CLANG_ENABLE_MODULES = YES;
				CLANG_ENABLE_OBJC_ARC = YES;
				CLANG_ENABLE_OBJC_WEAK = YES;
				CLANG_WARN_BLOCK_CAPTURE_AUTORELEASING = YES;
				CLANG_WARN_BOOL_CONVERSION = YES;
				CLANG_WARN_COMMA = YES;
				CLANG_WARN_CONSTANT_CONVERSION = YES;
				CLANG_WARN_DEPRECATED_OBJC_IMPLEMENTATIONS = YES;
				CLANG_WARN_DIRECT_OBJC_ISA_USAGE = YES_ERROR;
				CLANG_WARN_DOCUMENTATION_COMMENTS = YES;
				CLANG_WARN_EMPTY_BODY = YES;
				CLANG_WARN_ENUM_CONVERSION = YES;
				CLANG_WARN_INFINITE_RECURSION = YES;
				CLANG_WARN_INT_CONVERSION = YES;
				CLANG_WARN_NON_LITERAL_NULL_CONVERSION = YES;
				CLANG_WARN_OBJC_IMPLICIT_RETAIN_SELF = YES;
				CLANG_WARN_OBJC_LITERAL_CONVERSION = YES;
				CLANG_WARN_OBJC_ROOT_CLASS = YES_ERROR;
				CLANG_WARN_QUOTED_INCLUDE_IN_FRAMEWORK_HEADER = YES;
				CLANG_WARN_RANGE_LOOP_ANALYSIS = YES;
				CLANG_WARN_STRICT_PROTOTYPES = YES;
				CLANG_WARN_SUSPICIOUS_MOVE = YES;
				CLANG_WARN_UNGUARDED_AVAILABILITY = YES_AGGRESSIVE;
				CLANG_WARN_UNREACHABLE_CODE = YES;
				CLANG_WARN__DUPLICATE_METHOD_MATCH = YES;
				COPY_PHASE_STRIP = NO;
				DEBUG_INFORMATION_FORMAT = dwarf;
				ENABLE_STRICT_OBJC_MSGSEND = YES;
				ENABLE_TESTABILITY = YES;
				ENABLE_USER_SCRIPT_SANDBOXING = YES;
				GCC_C_LANGUAGE_STANDARD = gnu17;
				GCC_DYNAMIC_NO_PIC = NO;
				GCC_NO_COMMON_BLOCKS = YES;
				GCC_OPTIMIZATION_LEVEL = 0;
				GCC_PREPROCESSOR_DEFINITIONS = (
					"DEBUG=1",
					"$(inherited)",
				);
				GCC_WARN_64_TO_32_BIT_CONVERSION = YES;
				GCC_WARN_ABOUT_RETURN_TYPE = YES_ERROR;
				GCC_WARN_UNDECLARED_SELECTOR = YES;
				GCC_WARN_UNINITIALIZED_AUTOS = YES_AGGRESSIVE;
				GCC_WARN_UNUSED_FUNCTION = YES;
				GCC_WARN_UNUSED_VARIABLE = YES;
				IPHONEOS_DEPLOYMENT_TARGET = 17.4;
				LOCALIZATION_PREFERS_STRING_CATALOGS = YES;
				MTL_ENABLE_DEBUG_INFO = INCLUDE_SOURCE;
				MTL_FAST_MATH = YES;
				ONLY_ACTIVE_ARCH = YES;
				SDKROOT = iphoneos;
				SWIFT_ACTIVE_COMPILATION_CONDITIONS = "DEBUG $(inherited)";
				SWIFT_OPTIMIZATION_LEVEL = "-Onone";
			};
			name = Debug;
		};
		5AEF00232CBE397D0085ABD3 /* Release */ = {
			isa = XCBuildConfiguration;
			buildSettings = {
				ALWAYS_SEARCH_USER_PATHS = NO;
				ASSETCATALOG_COMPILER_GENERATE_SWIFT_ASSET_SYMBOL_EXTENSIONS = YES;
				CLANG_ANALYZER_NONNULL = YES;
				CLANG_ANALYZER_NUMBER_OBJECT_CONVERSION = YES_AGGRESSIVE;
				CLANG_CXX_LANGUAGE_STANDARD = "gnu++20";
				CLANG_ENABLE_MODULES = YES;
				CLANG_ENABLE_OBJC_ARC = YES;
				CLANG_ENABLE_OBJC_WEAK = YES;
				CLANG_WARN_BLOCK_CAPTURE_AUTORELEASING = YES;
				CLANG_WARN_BOOL_CONVERSION = YES;
				CLANG_WARN_COMMA = YES;
				CLANG_WARN_CONSTANT_CONVERSION = YES;
				CLANG_WARN_DEPRECATED_OBJC_IMPLEMENTATIONS = YES;
				CLANG_WARN_DIRECT_OBJC_ISA_USAGE = YES_ERROR;
				CLANG_WARN_DOCUMENTATION_COMMENTS = YES;
				CLANG_WARN_EMPTY_BODY = YES;
				CLANG_WARN_ENUM_CONVERSION = YES;
				CLANG_WARN_INFINITE_RECURSION = YES;
				CLANG_WARN_INT_CONVERSION = YES;
				CLANG_WARN_NON_LITERAL_NULL_CONVERSION = YES;
				CLANG_WARN_OBJC_IMPLICIT_RETAIN_SELF = YES;
				CLANG_WARN_OBJC_LITERAL_CONVERSION = YES;
				CLANG_WARN_OBJC_ROOT_CLASS = YES_ERROR;
				CLANG_WARN_QUOTED_INCLUDE_IN_FRAMEWORK_HEADER = YES;
				CLANG_WARN_RANGE_LOOP_ANALYSIS = YES;
				CLANG_WARN_STRICT_PROTOTYPES = YES;
				CLANG_WARN_SUSPICIOUS_MOVE = YES;
				CLANG_WARN_UNGUARDED_AVAILABILITY = YES_AGGRESSIVE;
				CLANG_WARN_UNREACHABLE_CODE = YES;
				CLANG_WARN__DUPLICATE_METHOD_MATCH = YES;
				COPY_PHASE_STRIP = NO;
				DEBUG_INFORMATION_FORMAT = "dwarf-with-dsym";
				ENABLE_NS_ASSERTIONS = NO;
				ENABLE_STRICT_OBJC_MSGSEND = YES;
				ENABLE_USER_SCRIPT_SANDBOXING = YES;
				GCC_C_LANGUAGE_STANDARD = gnu17;
				GCC_NO_COMMON_BLOCKS = YES;
				GCC_WARN_64_TO_32_BIT_CONVERSION = YES;
				GCC_WARN_ABOUT_RETURN_TYPE = YES_ERROR;
				GCC_WARN_UNDECLARED_SELECTOR = YES;
				GCC_WARN_UNINITIALIZED_AUTOS = YES_AGGRESSIVE;
				GCC_WARN_UNUSED_FUNCTION = YES;
				GCC_WARN_UNUSED_VARIABLE = YES;
				IPHONEOS_DEPLOYMENT_TARGET = 17.4;
				LOCALIZATION_PREFERS_STRING_CATALOGS = YES;
				MTL_ENABLE_DEBUG_INFO = NO;
				MTL_FAST_MATH = YES;
				SDKROOT = iphoneos;
				SWIFT_COMPILATION_MODE = wholemodule;
				VALIDATE_PRODUCT = YES;
			};
			name = Release;
		};
		5AEF00252CBE397D0085ABD3 /* Debug */ = {
			isa = XCBuildConfiguration;
			buildSettings = {
				ASSETCATALOG_COMPILER_APPICON_NAME = AppIcon;
				ASSETCATALOG_COMPILER_GLOBAL_ACCENT_COLOR_NAME = AccentColor;
				CODE_SIGN_STYLE = Automatic;
				CURRENT_PROJECT_VERSION = 1;
				DEVELOPMENT_ASSET_PATHS = "\"Worka/Preview Content\"";
				DEVELOPMENT_TEAM = GY59GU6VVR;
				ENABLE_PREVIEWS = YES;
				GENERATE_INFOPLIST_FILE = YES;
				INFOPLIST_KEY_UIApplicationSceneManifest_Generation = YES;
				INFOPLIST_KEY_UIApplicationSupportsIndirectInputEvents = YES;
				INFOPLIST_KEY_UILaunchScreen_Generation = YES;
				INFOPLIST_KEY_UISupportedInterfaceOrientations_iPad = "UIInterfaceOrientationPortrait UIInterfaceOrientationPortraitUpsideDown UIInterfaceOrientationLandscapeLeft UIInterfaceOrientationLandscapeRight";
				INFOPLIST_KEY_UISupportedInterfaceOrientations_iPhone = "UIInterfaceOrientationPortrait UIInterfaceOrientationLandscapeLeft UIInterfaceOrientationLandscapeRight";
				LD_RUNPATH_SEARCH_PATHS = (
					"$(inherited)",
					"@executable_path/Frameworks",
				);
				MARKETING_VERSION = 1.0;
				PRODUCT_BUNDLE_IDENTIFIER = com.ConnorBanting.Worka;
				PRODUCT_NAME = "$(TARGET_NAME)";
				SWIFT_EMIT_LOC_STRINGS = YES;
				SWIFT_VERSION = 5.0;
				TARGETED_DEVICE_FAMILY = "1,2";
			};
			name = Debug;
		};
		5AEF00262CBE397D0085ABD3 /* Release */ = {
			isa = XCBuildConfiguration;
			buildSettings = {
				ASSETCATALOG_COMPILER_APPICON_NAME = AppIcon;
				ASSETCATALOG_COMPILER_GLOBAL_ACCENT_COLOR_NAME = AccentColor;
				CODE_SIGN_STYLE = Automatic;
				CURRENT_PROJECT_VERSION = 1;
				DEVELOPMENT_ASSET_PATHS = "\"Worka/Preview Content\"";
				DEVELOPMENT_TEAM = GY59GU6VVR;
				ENABLE_PREVIEWS = YES;
				GENERATE_INFOPLIST_FILE = YES;
				INFOPLIST_KEY_UIApplicationSceneManifest_Generation = YES;
				INFOPLIST_KEY_UIApplicationSupportsIndirectInputEvents = YES;
				INFOPLIST_KEY_UILaunchScreen_Generation = YES;
				INFOPLIST_KEY_UISupportedInterfaceOrientations_iPad = "UIInterfaceOrientationPortrait UIInterfaceOrientationPortraitUpsideDown UIInterfaceOrientationLandscapeLeft UIInterfaceOrientationLandscapeRight";
				INFOPLIST_KEY_UISupportedInterfaceOrientations_iPhone = "UIInterfaceOrientationPortrait UIInterfaceOrientationLandscapeLeft UIInterfaceOrientationLandscapeRight";
				LD_RUNPATH_SEARCH_PATHS = (
					"$(inherited)",
					"@executable_path/Frameworks",
				);
				MARKETING_VERSION = 1.0;
				PRODUCT_BUNDLE_IDENTIFIER = com.ConnorBanting.Worka;
				PRODUCT_NAME = "$(TARGET_NAME)";
				SWIFT_EMIT_LOC_STRINGS = YES;
				SWIFT_VERSION = 5.0;
				TARGETED_DEVICE_FAMILY = "1,2";
			};
			name = Release;
		};
		5AEF00282CBE397D0085ABD3 /* Debug */ = {
			isa = XCBuildConfiguration;
			buildSettings = {
				ALWAYS_EMBED_SWIFT_STANDARD_LIBRARIES = YES;
				BUNDLE_LOADER = "$(TEST_HOST)";
				CODE_SIGN_STYLE = Automatic;
				CURRENT_PROJECT_VERSION = 1;
				DEVELOPMENT_TEAM = GY59GU6VVR;
				GENERATE_INFOPLIST_FILE = YES;
				IPHONEOS_DEPLOYMENT_TARGET = 17.4;
				MARKETING_VERSION = 1.0;
				PRODUCT_BUNDLE_IDENTIFIER = com.ConnorBanting.WorkaTests;
				PRODUCT_NAME = "$(TARGET_NAME)";
				SWIFT_EMIT_LOC_STRINGS = NO;
				SWIFT_VERSION = 5.0;
				TARGETED_DEVICE_FAMILY = "1,2";
				TEST_HOST = "$(BUILT_PRODUCTS_DIR)/Worka.app/$(BUNDLE_EXECUTABLE_FOLDER_PATH)/Worka";
			};
			name = Debug;
		};
		5AEF00292CBE397D0085ABD3 /* Release */ = {
			isa = XCBuildConfiguration;
			buildSettings = {
				ALWAYS_EMBED_SWIFT_STANDARD_LIBRARIES = YES;
				BUNDLE_LOADER = "$(TEST_HOST)";
				CODE_SIGN_STYLE = Automatic;
				CURRENT_PROJECT_VERSION = 1;
				DEVELOPMENT_TEAM = GY59GU6VVR;
				GENERATE_INFOPLIST_FILE = YES;
				IPHONEOS_DEPLOYMENT_TARGET = 17.4;
				MARKETING_VERSION = 1.0;
				PRODUCT_BUNDLE_IDENTIFIER = com.ConnorBanting.WorkaTests;
				PRODUCT_NAME = "$(TARGET_NAME)";
				SWIFT_EMIT_LOC_STRINGS = NO;
				SWIFT_VERSION = 5.0;
				TARGETED_DEVICE_FAMILY = "1,2";
				TEST_HOST = "$(BUILT_PRODUCTS_DIR)/Worka.app/$(BUNDLE_EXECUTABLE_FOLDER_PATH)/Worka";
			};
			name = Release;
		};
		5AEF002B2CBE397D0085ABD3 /* Debug */ = {
			isa = XCBuildConfiguration;
			buildSettings = {
				ALWAYS_EMBED_SWIFT_STANDARD_LIBRARIES = YES;
				CODE_SIGN_STYLE = Automatic;
				CURRENT_PROJECT_VERSION = 1;
				DEVELOPMENT_TEAM = GY59GU6VVR;
				GENERATE_INFOPLIST_FILE = YES;
				MARKETING_VERSION = 1.0;
				PRODUCT_BUNDLE_IDENTIFIER = com.ConnorBanting.WorkaUITests;
				PRODUCT_NAME = "$(TARGET_NAME)";
				SWIFT_EMIT_LOC_STRINGS = NO;
				SWIFT_VERSION = 5.0;
				TARGETED_DEVICE_FAMILY = "1,2";
				TEST_TARGET_NAME = Worka;
			};
			name = Debug;
		};
		5AEF002C2CBE397D0085ABD3 /* Release */ = {
			isa = XCBuildConfiguration;
			buildSettings = {
				ALWAYS_EMBED_SWIFT_STANDARD_LIBRARIES = YES;
				CODE_SIGN_STYLE = Automatic;
				CURRENT_PROJECT_VERSION = 1;
				DEVELOPMENT_TEAM = GY59GU6VVR;
				GENERATE_INFOPLIST_FILE = YES;
				MARKETING_VERSION = 1.0;
				PRODUCT_BUNDLE_IDENTIFIER = com.ConnorBanting.WorkaUITests;
				PRODUCT_NAME = "$(TARGET_NAME)";
				SWIFT_EMIT_LOC_STRINGS = NO;
				SWIFT_VERSION = 5.0;
				TARGETED_DEVICE_FAMILY = "1,2";
				TEST_TARGET_NAME = Worka;
			};
			name = Release;
		};
/* End XCBuildConfiguration section */

/* Begin XCConfigurationList section */
		5AEF00242CBE397D0085ABD3 /* Build configuration list for PBXNativeTarget "Worka" */ = {
			isa = XCConfigurationList;
			buildConfigurations = (
				5AEF00252CBE397D0085ABD3 /* Debug */,
				5AEF00262CBE397D0085ABD3 /* Release */,
			);
			defaultConfigurationIsVisible = 0;
			defaultConfigurationName = Release;
		};
		5AEF00272CBE397D0085ABD3 /* Build configuration list for PBXNativeTarget "WorkaTests" */ = {
			isa = XCConfigurationList;
			buildConfigurations = (
				5AEF00282CBE397D0085ABD3 /* Debug */,
				5AEF00292CBE397D0085ABD3 /* Release */,
			);
			defaultConfigurationIsVisible = 0;
			defaultConfigurationName = Release;
		};
		5AEF002A2CBE397D0085ABD3 /* Build configuration list for PBXNativeTarget "WorkaUITests" */ = {
			isa = XCConfigurationList;
			buildConfigurations = (
				5AEF002B2CBE397D0085ABD3 /* Debug */,
				5AEF002C2CBE397D0085ABD3 /* Release */,
			);
			defaultConfigurationIsVisible = 0;
			defaultConfigurationName = Release;
		};
		5AEFFFFB2CBE397B0085ABD3 /* Build configuration list for PBXProject "Worka" */ = {
			isa = XCConfigurationList;
			buildConfigurations = (
				5AEF00222CBE397D0085ABD3 /* Debug */,
				5AEF00232CBE397D0085ABD3 /* Release */,
			);
			defaultConfigurationIsVisible = 0;
			defaultConfigurationName = Release;
		};
/* End XCConfigurationList section */
	};
	rootObject = 5AEFFFF82CBE397B0085ABD3 /* Project object */;
}
